
Microsoft Visual Studio Solution File, Format Version 12.00
# Visual Studio Version 16
VisualStudioVersion = 16.0.29009.5
MinimumVisualStudioVersion = 10.0.40219.1
Project("{FAE04EC0-301F-11D3-BF4B-00C04F79EFBC}") = "LibrarySystem_WF", "LibrarySystem_WF\LibrarySystem_WF.csproj", "{2C221080-FC87-42F0-A4B1-EA9AAE1E3117}"
EndProject
Global
	GlobalSection(SolutionConfigurationPlatforms) = preSolution
		Debug|Any CPU = Debug|Any CPU
		Release|Any CPU = Release|Any CPU
	EndGlobalSection
	GlobalSection(ProjectConfigurationPlatforms) = postSolution
		{2C221080-FC87-42F0-A4B1-EA9AAE1E3117}.Debug|Any CPU.ActiveCfg = Debug|Any CPU
		{2C221080-FC87-42F0-A4B1-EA9AAE1E3117}.Debug|Any CPU.Build.0 = Debug|Any CPU
		{2C221080-FC87-42F0-A4B1-EA9AAE1E3117}.Release|Any CPU.ActiveCfg = Release|Any CPU
		{2C221080-FC87-42F0-A4B1-EA9AAE1E3117}.Release|Any CPU.Build.0 = Release|Any CPU
	EndGlobalSection
	GlobalSection(SolutionProperties) = preSolution
		HideSolutionNode = FALSE
	EndGlobalSection
	GlobalSection(ExtensibilityGlobals) = postSolution
		SolutionGuid = {BF6DE00C-FBCB-4E14-8A80-429E19C44777}
	EndGlobalSection
EndGlobal
