
Microsoft Visual Studio Solution File, Format Version 12.00
# Visual Studio Version 16
VisualStudioVersion = 16.0.29009.5
MinimumVisualStudioVersion = 10.0.40219.1
Project("{FAE04EC0-301F-11D3-BF4B-00C04F79EFBC}") = "computerFaultLog_WF", "computerFaultLog_WF\computerFaultLog_WF.csproj", "{A85951FC-2643-43D1-9B07-1C4E62E8F2A9}"
EndProject
Global
	GlobalSection(SolutionConfigurationPlatforms) = preSolution
		Debug|Any CPU = Debug|Any CPU
		Release|Any CPU = Release|Any CPU
	EndGlobalSection
	GlobalSection(ProjectConfigurationPlatforms) = postSolution
		{A85951FC-2643-43D1-9B07-1C4E62E8F2A9}.Debug|Any CPU.ActiveCfg = Debug|Any CPU
		{A85951FC-2643-43D1-9B07-1C4E62E8F2A9}.Debug|Any CPU.Build.0 = Debug|Any CPU
		{A85951FC-2643-43D1-9B07-1C4E62E8F2A9}.Release|Any CPU.ActiveCfg = Release|Any CPU
		{A85951FC-2643-43D1-9B07-1C4E62E8F2A9}.Release|Any CPU.Build.0 = Release|Any CPU
	EndGlobalSection
	GlobalSection(SolutionProperties) = preSolution
		HideSolutionNode = FALSE
	EndGlobalSection
	GlobalSection(ExtensibilityGlobals) = postSolution
		SolutionGuid = {14A790B3-E371-4E13-B4EA-8C0AE33BE8C0}
	EndGlobalSection
EndGlobal
